
Microsoft Visual Studio Solution File, Format Version 12.00
# Visual Studio Version 16
VisualStudioVersion = 16.0.32228.343
MinimumVisualStudioVersion = 10.0.40219.1
Project("{FAE04EC0-301F-11D3-BF4B-00C04F79EFBC}") = "TxtQuestJustMoby", "TxtQuestJustMoby\TxtQuestJustMoby.csproj", "{A6E4AF79-FCF6-4F29-A534-5A652D7C8BBC}"
EndProject
Global
	GlobalSection(SolutionConfigurationPlatforms) = preSolution
		Debug|Any CPU = Debug|Any CPU
		Release|Any CPU = Release|Any CPU
	EndGlobalSection
	GlobalSection(ProjectConfigurationPlatforms) = postSolution
		{A6E4AF79-FCF6-4F29-A534-5A652D7C8BBC}.Debug|Any CPU.ActiveCfg = Debug|Any CPU
		{A6E4AF79-FCF6-4F29-A534-5A652D7C8BBC}.Debug|Any CPU.Build.0 = Debug|Any CPU
		{A6E4AF79-FCF6-4F29-A534-5A652D7C8BBC}.Release|Any CPU.ActiveCfg = Release|Any CPU
		{A6E4AF79-FCF6-4F29-A534-5A652D7C8BBC}.Release|Any CPU.Build.0 = Release|Any CPU
	EndGlobalSection
	GlobalSection(SolutionProperties) = preSolution
		HideSolutionNode = FALSE
	EndGlobalSection
	GlobalSection(ExtensibilityGlobals) = postSolution
		SolutionGuid = {CFC94AC2-70D1-47A7-AB28-87164FE3EFE7}
	EndGlobalSection
EndGlobal
